
Microsoft Visual Studio Solution File, Format Version 12.00
# Visual Studio Version 16
VisualStudioVersion = 16.0.32630.194
MinimumVisualStudioVersion = 10.0.40219.1
Project("{FAE04EC0-301F-11D3-BF4B-00C04F79EFBC}") = "ConsumeAPI", "ConsumeAPI.csproj", "{744F6EE3-9B2D-40D3-8F51-8D390E4E9F79}"
EndProject
Global
	GlobalSection(SolutionConfigurationPlatforms) = preSolution
		Debug|Any CPU = Debug|Any CPU
		Release|Any CPU = Release|Any CPU
	EndGlobalSection
	GlobalSection(ProjectConfigurationPlatforms) = postSolution
		{744F6EE3-9B2D-40D3-8F51-8D390E4E9F79}.Debug|Any CPU.ActiveCfg = Debug|Any CPU
		{744F6EE3-9B2D-40D3-8F51-8D390E4E9F79}.Debug|Any CPU.Build.0 = Debug|Any CPU
		{744F6EE3-9B2D-40D3-8F51-8D390E4E9F79}.Release|Any CPU.ActiveCfg = Release|Any CPU
		{744F6EE3-9B2D-40D3-8F51-8D390E4E9F79}.Release|Any CPU.Build.0 = Release|Any CPU
	EndGlobalSection
	GlobalSection(SolutionProperties) = preSolution
		HideSolutionNode = FALSE
	EndGlobalSection
	GlobalSection(ExtensibilityGlobals) = postSolution
		SolutionGuid = {C7702C3C-771C-4D6F-8FD6-5A3324A6B163}
	EndGlobalSection
EndGlobal
